
Microsoft Visual Studio Solution File, Format Version 12.00
# Visual Studio 15
VisualStudioVersion = 15.0.28010.2046
MinimumVisualStudioVersion = 10.0.40219.1
Project("{FAE04EC0-301F-11D3-BF4B-00C04F79EFBC}") = "sales.Android", "sales\sales.Android\sales.Android.csproj", "{A46D4A6E-7A40-410E-A411-D45FF5455EC0}"
EndProject
Project("{FAE04EC0-301F-11D3-BF4B-00C04F79EFBC}") = "sales.iOS", "sales\sales.iOS\sales.iOS.csproj", "{C0608373-D4C9-461D-A559-16B8EE0E9906}"
EndProject
Project("{FAE04EC0-301F-11D3-BF4B-00C04F79EFBC}") = "sales.UWP", "sales\sales.UWP\sales.UWP.csproj", "{40631E34-0E64-429C-B857-BFA19FB3E67C}"
EndProject
Project("{FAE04EC0-301F-11D3-BF4B-00C04F79EFBC}") = "sales", "sales\sales\sales.csproj", "{B1935172-450B-4492-9AC1-C0BE3081F53E}"
EndProject
Project("{FAE04EC0-301F-11D3-BF4B-00C04F79EFBC}") = "sales.Backend", "sales.Backend\sales.Backend.csproj", "{8DDF8640-ED01-4FB6-A0C4-7DE7B228FF95}"
EndProject
Project("{FAE04EC0-301F-11D3-BF4B-00C04F79EFBC}") = "sales.API", "sales.API\sales.API.csproj", "{4D1150E7-0CC4-400A-ADA4-108C56B1D22A}"
EndProject
Project("{FAE04EC0-301F-11D3-BF4B-00C04F79EFBC}") = "sales.Domain", "sales.Domain\sales.Domain.csproj", "{0CA90D48-8E83-4C15-A77C-A9BFCFCCAB27}"
EndProject
Project("{FAE04EC0-301F-11D3-BF4B-00C04F79EFBC}") = "sales.Common", "sales.Common\sales.Common.csproj", "{42FF84DB-2B66-4BC7-BC8F-B294B90D7F04}"
EndProject
Global
	GlobalSection(SolutionConfigurationPlatforms) = preSolution
		Ad-Hoc|Any CPU = Ad-Hoc|Any CPU
		Ad-Hoc|ARM = Ad-Hoc|ARM
		Ad-Hoc|iPhone = Ad-Hoc|iPhone
		Ad-Hoc|iPhoneSimulator = Ad-Hoc|iPhoneSimulator
		Ad-Hoc|x64 = Ad-Hoc|x64
		Ad-Hoc|x86 = Ad-Hoc|x86
		AppStore|Any CPU = AppStore|Any CPU
		AppStore|ARM = AppStore|ARM
		AppStore|iPhone = AppStore|iPhone
		AppStore|iPhoneSimulator = AppStore|iPhoneSimulator
		AppStore|x64 = AppStore|x64
		AppStore|x86 = AppStore|x86
		Debug|Any CPU = Debug|Any CPU
		Debug|ARM = Debug|ARM
		Debug|iPhone = Debug|iPhone
		Debug|iPhoneSimulator = Debug|iPhoneSimulator
		Debug|x64 = Debug|x64
		Debug|x86 = Debug|x86
		Release|Any CPU = Release|Any CPU
		Release|ARM = Release|ARM
		Release|iPhone = Release|iPhone
		Release|iPhoneSimulator = Release|iPhoneSimulator
		Release|x64 = Release|x64
		Release|x86 = Release|x86
	EndGlobalSection
	GlobalSection(ProjectConfigurationPlatforms) = postSolution
		{A46D4A6E-7A40-410E-A411-D45FF5455EC0}.Ad-Hoc|Any CPU.ActiveCfg = Release|Any CPU
		{A46D4A6E-7A40-410E-A411-D45FF5455EC0}.Ad-Hoc|Any CPU.Build.0 = Release|Any CPU
		{A46D4A6E-7A40-410E-A411-D45FF5455EC0}.Ad-Hoc|Any CPU.Deploy.0 = Release|Any CPU
		{A46D4A6E-7A40-410E-A411-D45FF5455EC0}.Ad-Hoc|ARM.ActiveCfg = Release|Any CPU
		{A46D4A6E-7A40-410E-A411-D45FF5455EC0}.Ad-Hoc|ARM.Build.0 = Release|Any CPU
		{A46D4A6E-7A40-410E-A411-D45FF5455EC0}.Ad-Hoc|ARM.Deploy.0 = Release|Any CPU
		{A46D4A6E-7A40-410E-A411-D45FF5455EC0}.Ad-Hoc|iPhone.ActiveCfg = Release|Any CPU
		{A46D4A6E-7A40-410E-A411-D45FF5455EC0}.Ad-Hoc|iPhone.Build.0 = Release|Any CPU
		{A46D4A6E-7A40-410E-A411-D45FF5455EC0}.Ad-Hoc|iPhone.Deploy.0 = Release|Any CPU
		{A46D4A6E-7A40-410E-A411-D45FF5455EC0}.Ad-Hoc|iPhoneSimulator.ActiveCfg = Release|Any CPU
		{A46D4A6E-7A40-410E-A411-D45FF5455EC0}.Ad-Hoc|iPhoneSimulator.Build.0 = Release|Any CPU
		{A46D4A6E-7A40-410E-A411-D45FF5455EC0}.Ad-Hoc|iPhoneSimulator.Deploy.0 = Release|Any CPU
		{A46D4A6E-7A40-410E-A411-D45FF5455EC0}.Ad-Hoc|x64.ActiveCfg = Release|Any CPU
		{A46D4A6E-7A40-410E-A411-D45FF5455EC0}.Ad-Hoc|x64.Build.0 = Release|Any CPU
		{A46D4A6E-7A40-410E-A411-D45FF5455EC0}.Ad-Hoc|x64.Deploy.0 = Release|Any CPU
		{A46D4A6E-7A40-410E-A411-D45FF5455EC0}.Ad-Hoc|x86.ActiveCfg = Release|Any CPU
		{A46D4A6E-7A40-410E-A411-D45FF5455EC0}.Ad-Hoc|x86.Build.0 = Release|Any CPU
		{A46D4A6E-7A40-410E-A411-D45FF5455EC0}.Ad-Hoc|x86.Deploy.0 = Release|Any CPU
		{A46D4A6E-7A40-410E-A411-D45FF5455EC0}.AppStore|Any CPU.ActiveCfg = Release|Any CPU
		{A46D4A6E-7A40-410E-A411-D45FF5455EC0}.AppStore|Any CPU.Build.0 = Release|Any CPU
		{A46D4A6E-7A40-410E-A411-D45FF5455EC0}.AppStore|Any CPU.Deploy.0 = Release|Any CPU
		{A46D4A6E-7A40-410E-A411-D45FF5455EC0}.AppStore|ARM.ActiveCfg = Release|Any CPU
		{A46D4A6E-7A40-410E-A411-D45FF5455EC0}.AppStore|ARM.Build.0 = Release|Any CPU
		{A46D4A6E-7A40-410E-A411-D45FF5455EC0}.AppStore|ARM.Deploy.0 = Release|Any CPU
		{A46D4A6E-7A40-410E-A411-D45FF5455EC0}.AppStore|iPhone.ActiveCfg = Release|Any CPU
		{A46D4A6E-7A40-410E-A411-D45FF5455EC0}.AppStore|iPhone.Build.0 = Release|Any CPU
		{A46D4A6E-7A40-410E-A411-D45FF5455EC0}.AppStore|iPhone.Deploy.0 = Release|Any CPU
		{A46D4A6E-7A40-410E-A411-D45FF5455EC0}.AppStore|iPhoneSimulator.ActiveCfg = Release|Any CPU
		{A46D4A6E-7A40-410E-A411-D45FF5455EC0}.AppStore|iPhoneSimulator.Build.0 = Release|Any CPU
		{A46D4A6E-7A40-410E-A411-D45FF5455EC0}.AppStore|iPhoneSimulator.Deploy.0 = Release|Any CPU
		{A46D4A6E-7A40-410E-A411-D45FF5455EC0}.AppStore|x64.ActiveCfg = Release|Any CPU
		{A46D4A6E-7A40-410E-A411-D45FF5455EC0}.AppStore|x64.Build.0 = Release|Any CPU
		{A46D4A6E-7A40-410E-A411-D45FF5455EC0}.AppStore|x64.Deploy.0 = Release|Any CPU
		{A46D4A6E-7A40-410E-A411-D45FF5455EC0}.AppStore|x86.ActiveCfg = Release|Any CPU
		{A46D4A6E-7A40-410E-A411-D45FF5455EC0}.AppStore|x86.Build.0 = Release|Any CPU
		{A46D4A6E-7A40-410E-A411-D45FF5455EC0}.AppStore|x86.Deploy.0 = Release|Any CPU
		{A46D4A6E-7A40-410E-A411-D45FF5455EC0}.Debug|Any CPU.ActiveCfg = Debug|Any CPU
		{A46D4A6E-7A40-410E-A411-D45FF5455EC0}.Debug|Any CPU.Build.0 = Debug|Any CPU
		{A46D4A6E-7A40-410E-A411-D45FF5455EC0}.Debug|Any CPU.Deploy.0 = Debug|Any CPU
		{A46D4A6E-7A40-410E-A411-D45FF5455EC0}.Debug|ARM.ActiveCfg = Debug|Any CPU
		{A46D4A6E-7A40-410E-A411-D45FF5455EC0}.Debug|ARM.Build.0 = Debug|Any CPU
		{A46D4A6E-7A40-410E-A411-D45FF5455EC0}.Debug|ARM.Deploy.0 = Debug|Any CPU
		{A46D4A6E-7A40-410E-A411-D45FF5455EC0}.Debug|iPhone.ActiveCfg = Debug|Any CPU
		{A46D4A6E-7A40-410E-A411-D45FF5455EC0}.Debug|iPhone.Build.0 = Debug|Any CPU
		{A46D4A6E-7A40-410E-A411-D45FF5455EC0}.Debug|iPhone.Deploy.0 = Debug|Any CPU
		{A46D4A6E-7A40-410E-A411-D45FF5455EC0}.Debug|iPhoneSimulator.ActiveCfg = Debug|Any CPU
		{A46D4A6E-7A40-410E-A411-D45FF5455EC0}.Debug|iPhoneSimulator.Build.0 = Debug|Any CPU
		{A46D4A6E-7A40-410E-A411-D45FF5455EC0}.Debug|iPhoneSimulator.Deploy.0 = Debug|Any CPU
		{A46D4A6E-7A40-410E-A411-D45FF5455EC0}.Debug|x64.ActiveCfg = Debug|Any CPU
		{A46D4A6E-7A40-410E-A411-D45FF5455EC0}.Debug|x64.Build.0 = Debug|Any CPU
		{A46D4A6E-7A40-410E-A411-D45FF5455EC0}.Debug|x64.Deploy.0 = Debug|Any CPU
		{A46D4A6E-7A40-410E-A411-D45FF5455EC0}.Debug|x86.ActiveCfg = Debug|Any CPU
		{A46D4A6E-7A40-410E-A411-D45FF5455EC0}.Debug|x86.Build.0 = Debug|Any CPU
		{A46D4A6E-7A40-410E-A411-D45FF5455EC0}.Debug|x86.Deploy.0 = Debug|Any CPU
		{A46D4A6E-7A40-410E-A411-D45FF5455EC0}.Release|Any CPU.ActiveCfg = Release|Any CPU
		{A46D4A6E-7A40-410E-A411-D45FF5455EC0}.Release|Any CPU.Build.0 = Release|Any CPU
		{A46D4A6E-7A40-410E-A411-D45FF5455EC0}.Release|Any CPU.Deploy.0 = Release|Any CPU
		{A46D4A6E-7A40-410E-A411-D45FF5455EC0}.Release|ARM.ActiveCfg = Release|Any CPU
		{A46D4A6E-7A40-410E-A411-D45FF5455EC0}.Release|ARM.Build.0 = Release|Any CPU
		{A46D4A6E-7A40-410E-A411-D45FF5455EC0}.Release|ARM.Deploy.0 = Release|Any CPU
		{A46D4A6E-7A40-410E-A411-D45FF5455EC0}.Release|iPhone.ActiveCfg = Release|Any CPU
		{A46D4A6E-7A40-410E-A411-D45FF5455EC0}.Release|iPhone.Build.0 = Release|Any CPU
		{A46D4A6E-7A40-410E-A411-D45FF5455EC0}.Release|iPhone.Deploy.0 = Release|Any CPU
		{A46D4A6E-7A40-410E-A411-D45FF5455EC0}.Release|iPhoneSimulator.ActiveCfg = Release|Any CPU
		{A46D4A6E-7A40-410E-A411-D45FF5455EC0}.Release|iPhoneSimulator.Build.0 = Release|Any CPU
		{A46D4A6E-7A40-410E-A411-D45FF5455EC0}.Release|iPhoneSimulator.Deploy.0 = Release|Any CPU
		{A46D4A6E-7A40-410E-A411-D45FF5455EC0}.Release|x64.ActiveCfg = Release|Any CPU
		{A46D4A6E-7A40-410E-A411-D45FF5455EC0}.Release|x64.Build.0 = Release|Any CPU
		{A46D4A6E-7A40-410E-A411-D45FF5455EC0}.Release|x64.Deploy.0 = Release|Any CPU
		{A46D4A6E-7A40-410E-A411-D45FF5455EC0}.Release|x86.ActiveCfg = Release|Any CPU
		{A46D4A6E-7A40-410E-A411-D45FF5455EC0}.Release|x86.Build.0 = Release|Any CPU
		{A46D4A6E-7A40-410E-A411-D45FF5455EC0}.Release|x86.Deploy.0 = Release|Any CPU
		{C0608373-D4C9-461D-A559-16B8EE0E9906}.Ad-Hoc|Any CPU.ActiveCfg = Ad-Hoc|iPhone
		{C0608373-D4C9-461D-A559-16B8EE0E9906}.Ad-Hoc|Any CPU.Build.0 = Ad-Hoc|iPhone
		{C0608373-D4C9-461D-A559-16B8EE0E9906}.Ad-Hoc|Any CPU.Deploy.0 = Ad-Hoc|iPhone
		{C0608373-D4C9-461D-A559-16B8EE0E9906}.Ad-Hoc|ARM.ActiveCfg = Ad-Hoc|iPhone
		{C0608373-D4C9-461D-A559-16B8EE0E9906}.Ad-Hoc|ARM.Build.0 = Ad-Hoc|iPhone
		{C0608373-D4C9-461D-A559-16B8EE0E9906}.Ad-Hoc|ARM.Deploy.0 = Ad-Hoc|iPhone
		{C0608373-D4C9-461D-A559-16B8EE0E9906}.Ad-Hoc|iPhone.ActiveCfg = Ad-Hoc|iPhone
		{C0608373-D4C9-461D-A559-16B8EE0E9906}.Ad-Hoc|iPhone.Build.0 = Ad-Hoc|iPhone
		{C0608373-D4C9-461D-A559-16B8EE0E9906}.Ad-Hoc|iPhone.Deploy.0 = Ad-Hoc|iPhone
		{C0608373-D4C9-461D-A559-16B8EE0E9906}.Ad-Hoc|iPhoneSimulator.ActiveCfg = Ad-Hoc|iPhoneSimulator
		{C0608373-D4C9-461D-A559-16B8EE0E9906}.Ad-Hoc|iPhoneSimulator.Build.0 = Ad-Hoc|iPhoneSimulator
		{C0608373-D4C9-461D-A559-16B8EE0E9906}.Ad-Hoc|iPhoneSimulator.Deploy.0 = Ad-Hoc|iPhoneSimulator
		{C0608373-D4C9-461D-A559-16B8EE0E9906}.Ad-Hoc|x64.ActiveCfg = Ad-Hoc|iPhone
		{C0608373-D4C9-461D-A559-16B8EE0E9906}.Ad-Hoc|x64.Build.0 = Ad-Hoc|iPhone
		{C0608373-D4C9-461D-A559-16B8EE0E9906}.Ad-Hoc|x64.Deploy.0 = Ad-Hoc|iPhone
		{C0608373-D4C9-461D-A559-16B8EE0E9906}.Ad-Hoc|x86.ActiveCfg = Ad-Hoc|iPhone
		{C0608373-D4C9-461D-A559-16B8EE0E9906}.Ad-Hoc|x86.Build.0 = Ad-Hoc|iPhone
		{C0608373-D4C9-461D-A559-16B8EE0E9906}.Ad-Hoc|x86.Deploy.0 = Ad-Hoc|iPhone
		{C0608373-D4C9-461D-A559-16B8EE0E9906}.AppStore|Any CPU.ActiveCfg = AppStore|iPhone
		{C0608373-D4C9-461D-A559-16B8EE0E9906}.AppStore|Any CPU.Build.0 = AppStore|iPhone
		{C0608373-D4C9-461D-A559-16B8EE0E9906}.AppStore|Any CPU.Deploy.0 = AppStore|iPhone
		{C0608373-D4C9-461D-A559-16B8EE0E9906}.AppStore|ARM.ActiveCfg = AppStore|iPhone
		{C0608373-D4C9-461D-A559-16B8EE0E9906}.AppStore|ARM.Build.0 = AppStore|iPhone
		{C0608373-D4C9-461D-A559-16B8EE0E9906}.AppStore|ARM.Deploy.0 = AppStore|iPhone
		{C0608373-D4C9-461D-A559-16B8EE0E9906}.AppStore|iPhone.ActiveCfg = AppStore|iPhone
		{C0608373-D4C9-461D-A559-16B8EE0E9906}.AppStore|iPhone.Build.0 = AppStore|iPhone
		{C0608373-D4C9-461D-A559-16B8EE0E9906}.AppStore|iPhone.Deploy.0 = AppStore|iPhone
		{C0608373-D4C9-461D-A559-16B8EE0E9906}.AppStore|iPhoneSimulator.ActiveCfg = AppStore|iPhoneSimulator
		{C0608373-D4C9-461D-A559-16B8EE0E9906}.AppStore|iPhoneSimulator.Build.0 = AppStore|iPhoneSimulator
		{C0608373-D4C9-461D-A559-16B8EE0E9906}.AppStore|iPhoneSimulator.Deploy.0 = AppStore|iPhoneSimulator
		{C0608373-D4C9-461D-A559-16B8EE0E9906}.AppStore|x64.ActiveCfg = AppStore|iPhone
		{C0608373-D4C9-461D-A559-16B8EE0E9906}.AppStore|x64.Build.0 = AppStore|iPhone
		{C0608373-D4C9-461D-A559-16B8EE0E9906}.AppStore|x64.Deploy.0 = AppStore|iPhone
		{C0608373-D4C9-461D-A559-16B8EE0E9906}.AppStore|x86.ActiveCfg = AppStore|iPhone
		{C0608373-D4C9-461D-A559-16B8EE0E9906}.AppStore|x86.Build.0 = AppStore|iPhone
		{C0608373-D4C9-461D-A559-16B8EE0E9906}.AppStore|x86.Deploy.0 = AppStore|iPhone
		{C0608373-D4C9-461D-A559-16B8EE0E9906}.Debug|Any CPU.ActiveCfg = Debug|iPhoneSimulator
		{C0608373-D4C9-461D-A559-16B8EE0E9906}.Debug|Any CPU.Build.0 = Debug|iPhoneSimulator
		{C0608373-D4C9-461D-A559-16B8EE0E9906}.Debug|Any CPU.Deploy.0 = Debug|iPhoneSimulator
		{C0608373-D4C9-461D-A559-16B8EE0E9906}.Debug|ARM.ActiveCfg = Debug|iPhone
		{C0608373-D4C9-461D-A559-16B8EE0E9906}.Debug|ARM.Build.0 = Debug|iPhone
		{C0608373-D4C9-461D-A559-16B8EE0E9906}.Debug|ARM.Deploy.0 = Debug|iPhone
		{C0608373-D4C9-461D-A559-16B8EE0E9906}.Debug|iPhone.ActiveCfg = Debug|iPhone
		{C0608373-D4C9-461D-A559-16B8EE0E9906}.Debug|iPhone.Build.0 = Debug|iPhone
		{C0608373-D4C9-461D-A559-16B8EE0E9906}.Debug|iPhone.Deploy.0 = Debug|iPhone
		{C0608373-D4C9-461D-A559-16B8EE0E9906}.Debug|iPhoneSimulator.ActiveCfg = Debug|iPhoneSimulator
		{C0608373-D4C9-461D-A559-16B8EE0E9906}.Debug|iPhoneSimulator.Build.0 = Debug|iPhoneSimulator
		{C0608373-D4C9-461D-A559-16B8EE0E9906}.Debug|iPhoneSimulator.Deploy.0 = Debug|iPhoneSimulator
		{C0608373-D4C9-461D-A559-16B8EE0E9906}.Debug|x64.ActiveCfg = Debug|iPhone
		{C0608373-D4C9-461D-A559-16B8EE0E9906}.Debug|x64.Build.0 = Debug|iPhone
		{C0608373-D4C9-461D-A559-16B8EE0E9906}.Debug|x64.Deploy.0 = Debug|iPhone
		{C0608373-D4C9-461D-A559-16B8EE0E9906}.Debug|x86.ActiveCfg = Debug|iPhone
		{C0608373-D4C9-461D-A559-16B8EE0E9906}.Debug|x86.Build.0 = Debug|iPhone
		{C0608373-D4C9-461D-A559-16B8EE0E9906}.Debug|x86.Deploy.0 = Debug|iPhone
		{C0608373-D4C9-461D-A559-16B8EE0E9906}.Release|Any CPU.ActiveCfg = Release|iPhone
		{C0608373-D4C9-461D-A559-16B8EE0E9906}.Release|Any CPU.Build.0 = Release|iPhone
		{C0608373-D4C9-461D-A559-16B8EE0E9906}.Release|Any CPU.Deploy.0 = Release|iPhone
		{C0608373-D4C9-461D-A559-16B8EE0E9906}.Release|ARM.ActiveCfg = Release|iPhone
		{C0608373-D4C9-461D-A559-16B8EE0E9906}.Release|ARM.Build.0 = Release|iPhone
		{C0608373-D4C9-461D-A559-16B8EE0E9906}.Release|ARM.Deploy.0 = Release|iPhone
		{C0608373-D4C9-461D-A559-16B8EE0E9906}.Release|iPhone.ActiveCfg = Release|iPhone
		{C0608373-D4C9-461D-A559-16B8EE0E9906}.Release|iPhone.Build.0 = Release|iPhone
		{C0608373-D4C9-461D-A559-16B8EE0E9906}.Release|iPhone.Deploy.0 = Release|iPhone
		{C0608373-D4C9-461D-A559-16B8EE0E9906}.Release|iPhoneSimulator.ActiveCfg = Release|iPhoneSimulator
		{C0608373-D4C9-461D-A559-16B8EE0E9906}.Release|iPhoneSimulator.Build.0 = Release|iPhoneSimulator
		{C0608373-D4C9-461D-A559-16B8EE0E9906}.Release|iPhoneSimulator.Deploy.0 = Release|iPhoneSimulator
		{C0608373-D4C9-461D-A559-16B8EE0E9906}.Release|x64.ActiveCfg = Release|iPhone
		{C0608373-D4C9-461D-A559-16B8EE0E9906}.Release|x64.Build.0 = Release|iPhone
		{C0608373-D4C9-461D-A559-16B8EE0E9906}.Release|x64.Deploy.0 = Release|iPhone
		{C0608373-D4C9-461D-A559-16B8EE0E9906}.Release|x86.ActiveCfg = Release|iPhone
		{C0608373-D4C9-461D-A559-16B8EE0E9906}.Release|x86.Build.0 = Release|iPhone
		{C0608373-D4C9-461D-A559-16B8EE0E9906}.Release|x86.Deploy.0 = Release|iPhone
		{40631E34-0E64-429C-B857-BFA19FB3E67C}.Ad-Hoc|Any CPU.ActiveCfg = Release|x86
		{40631E34-0E64-429C-B857-BFA19FB3E67C}.Ad-Hoc|Any CPU.Build.0 = Release|x86
		{40631E34-0E64-429C-B857-BFA19FB3E67C}.Ad-Hoc|Any CPU.Deploy.0 = Release|x86
		{40631E34-0E64-429C-B857-BFA19FB3E67C}.Ad-Hoc|ARM.ActiveCfg = Release|ARM
		{40631E34-0E64-429C-B857-BFA19FB3E67C}.Ad-Hoc|ARM.Build.0 = Release|ARM
		{40631E34-0E64-429C-B857-BFA19FB3E67C}.Ad-Hoc|ARM.Deploy.0 = Release|ARM
		{40631E34-0E64-429C-B857-BFA19FB3E67C}.Ad-Hoc|iPhone.ActiveCfg = Release|x86
		{40631E34-0E64-429C-B857-BFA19FB3E67C}.Ad-Hoc|iPhone.Build.0 = Release|x86
		{40631E34-0E64-429C-B857-BFA19FB3E67C}.Ad-Hoc|iPhone.Deploy.0 = Release|x86
		{40631E34-0E64-429C-B857-BFA19FB3E67C}.Ad-Hoc|iPhoneSimulator.ActiveCfg = Release|x86
		{40631E34-0E64-429C-B857-BFA19FB3E67C}.Ad-Hoc|iPhoneSimulator.Build.0 = Release|x86
		{40631E34-0E64-429C-B857-BFA19FB3E67C}.Ad-Hoc|iPhoneSimulator.Deploy.0 = Release|x86
		{40631E34-0E64-429C-B857-BFA19FB3E67C}.Ad-Hoc|x64.ActiveCfg = Release|x64
		{40631E34-0E64-429C-B857-BFA19FB3E67C}.Ad-Hoc|x64.Build.0 = Release|x64
		{40631E34-0E64-429C-B857-BFA19FB3E67C}.Ad-Hoc|x64.Deploy.0 = Release|x64
		{40631E34-0E64-429C-B857-BFA19FB3E67C}.Ad-Hoc|x86.ActiveCfg = Release|x86
		{40631E34-0E64-429C-B857-BFA19FB3E67C}.Ad-Hoc|x86.Build.0 = Release|x86
		{40631E34-0E64-429C-B857-BFA19FB3E67C}.Ad-Hoc|x86.Deploy.0 = Release|x86
		{40631E34-0E64-429C-B857-BFA19FB3E67C}.AppStore|Any CPU.ActiveCfg = Release|x86
		{40631E34-0E64-429C-B857-BFA19FB3E67C}.AppStore|Any CPU.Build.0 = Release|x86
		{40631E34-0E64-429C-B857-BFA19FB3E67C}.AppStore|Any CPU.Deploy.0 = Release|x86
		{40631E34-0E64-429C-B857-BFA19FB3E67C}.AppStore|ARM.ActiveCfg = Release|ARM
		{40631E34-0E64-429C-B857-BFA19FB3E67C}.AppStore|ARM.Build.0 = Release|ARM
		{40631E34-0E64-429C-B857-BFA19FB3E67C}.AppStore|ARM.Deploy.0 = Release|ARM
		{40631E34-0E64-429C-B857-BFA19FB3E67C}.AppStore|iPhone.ActiveCfg = Release|x86
		{40631E34-0E64-429C-B857-BFA19FB3E67C}.AppStore|iPhone.Build.0 = Release|x86
		{40631E34-0E64-429C-B857-BFA19FB3E67C}.AppStore|iPhone.Deploy.0 = Release|x86
		{40631E34-0E64-429C-B857-BFA19FB3E67C}.AppStore|iPhoneSimulator.ActiveCfg = Release|x86
		{40631E34-0E64-429C-B857-BFA19FB3E67C}.AppStore|iPhoneSimulator.Build.0 = Release|x86
		{40631E34-0E64-429C-B857-BFA19FB3E67C}.AppStore|iPhoneSimulator.Deploy.0 = Release|x86
		{40631E34-0E64-429C-B857-BFA19FB3E67C}.AppStore|x64.ActiveCfg = Release|x64
		{40631E34-0E64-429C-B857-BFA19FB3E67C}.AppStore|x64.Build.0 = Release|x64
		{40631E34-0E64-429C-B857-BFA19FB3E67C}.AppStore|x64.Deploy.0 = Release|x64
		{40631E34-0E64-429C-B857-BFA19FB3E67C}.AppStore|x86.ActiveCfg = Release|x86
		{40631E34-0E64-429C-B857-BFA19FB3E67C}.AppStore|x86.Build.0 = Release|x86
		{40631E34-0E64-429C-B857-BFA19FB3E67C}.AppStore|x86.Deploy.0 = Release|x86
		{40631E34-0E64-429C-B857-BFA19FB3E67C}.Debug|Any CPU.ActiveCfg = Debug|x86
		{40631E34-0E64-429C-B857-BFA19FB3E67C}.Debug|Any CPU.Build.0 = Debug|x86
		{40631E34-0E64-429C-B857-BFA19FB3E67C}.Debug|Any CPU.Deploy.0 = Debug|x86
		{40631E34-0E64-429C-B857-BFA19FB3E67C}.Debug|ARM.ActiveCfg = Debug|ARM
		{40631E34-0E64-429C-B857-BFA19FB3E67C}.Debug|ARM.Build.0 = Debug|ARM
		{40631E34-0E64-429C-B857-BFA19FB3E67C}.Debug|ARM.Deploy.0 = Debug|ARM
		{40631E34-0E64-429C-B857-BFA19FB3E67C}.Debug|iPhone.ActiveCfg = Debug|x86
		{40631E34-0E64-429C-B857-BFA19FB3E67C}.Debug|iPhone.Build.0 = Debug|x86
		{40631E34-0E64-429C-B857-BFA19FB3E67C}.Debug|iPhone.Deploy.0 = Debug|x86
		{40631E34-0E64-429C-B857-BFA19FB3E67C}.Debug|iPhoneSimulator.ActiveCfg = Debug|x86
		{40631E34-0E64-429C-B857-BFA19FB3E67C}.Debug|iPhoneSimulator.Build.0 = Debug|x86
		{40631E34-0E64-429C-B857-BFA19FB3E67C}.Debug|iPhoneSimulator.Deploy.0 = Debug|x86
		{40631E34-0E64-429C-B857-BFA19FB3E67C}.Debug|x64.ActiveCfg = Debug|x64
		{40631E34-0E64-429C-B857-BFA19FB3E67C}.Debug|x64.Build.0 = Debug|x64
		{40631E34-0E64-429C-B857-BFA19FB3E67C}.Debug|x64.Deploy.0 = Debug|x64
		{40631E34-0E64-429C-B857-BFA19FB3E67C}.Debug|x86.ActiveCfg = Debug|x86
		{40631E34-0E64-429C-B857-BFA19FB3E67C}.Debug|x86.Build.0 = Debug|x86
		{40631E34-0E64-429C-B857-BFA19FB3E67C}.Debug|x86.Deploy.0 = Debug|x86
		{40631E34-0E64-429C-B857-BFA19FB3E67C}.Release|Any CPU.ActiveCfg = Release|x86
		{40631E34-0E64-429C-B857-BFA19FB3E67C}.Release|Any CPU.Build.0 = Release|x86
		{40631E34-0E64-429C-B857-BFA19FB3E67C}.Release|Any CPU.Deploy.0 = Release|x86
		{40631E34-0E64-429C-B857-BFA19FB3E67C}.Release|ARM.ActiveCfg = Release|ARM
		{40631E34-0E64-429C-B857-BFA19FB3E67C}.Release|ARM.Build.0 = Release|ARM
		{40631E34-0E64-429C-B857-BFA19FB3E67C}.Release|ARM.Deploy.0 = Release|ARM
		{40631E34-0E64-429C-B857-BFA19FB3E67C}.Release|iPhone.ActiveCfg = Release|x86
		{40631E34-0E64-429C-B857-BFA19FB3E67C}.Release|iPhone.Build.0 = Release|x86
		{40631E34-0E64-429C-B857-BFA19FB3E67C}.Release|iPhone.Deploy.0 = Release|x86
		{40631E34-0E64-429C-B857-BFA19FB3E67C}.Release|iPhoneSimulator.ActiveCfg = Release|x86
		{40631E34-0E64-429C-B857-BFA19FB3E67C}.Release|iPhoneSimulator.Build.0 = Release|x86
		{40631E34-0E64-429C-B857-BFA19FB3E67C}.Release|iPhoneSimulator.Deploy.0 = Release|x86
		{40631E34-0E64-429C-B857-BFA19FB3E67C}.Release|x64.ActiveCfg = Release|x64
		{40631E34-0E64-429C-B857-BFA19FB3E67C}.Release|x64.Build.0 = Release|x64
		{40631E34-0E64-429C-B857-BFA19FB3E67C}.Release|x64.Deploy.0 = Release|x64
		{40631E34-0E64-429C-B857-BFA19FB3E67C}.Release|x86.ActiveCfg = Release|x86
		{40631E34-0E64-429C-B857-BFA19FB3E67C}.Release|x86.Build.0 = Release|x86
		{40631E34-0E64-429C-B857-BFA19FB3E67C}.Release|x86.Deploy.0 = Release|x86
		{B1935172-450B-4492-9AC1-C0BE3081F53E}.Ad-Hoc|Any CPU.ActiveCfg = Debug|Any CPU
		{B1935172-450B-4492-9AC1-C0BE3081F53E}.Ad-Hoc|Any CPU.Build.0 = Debug|Any CPU
		{B1935172-450B-4492-9AC1-C0BE3081F53E}.Ad-Hoc|Any CPU.Deploy.0 = Debug|Any CPU
		{B1935172-450B-4492-9AC1-C0BE3081F53E}.Ad-Hoc|ARM.ActiveCfg = Debug|Any CPU
		{B1935172-450B-4492-9AC1-C0BE3081F53E}.Ad-Hoc|ARM.Build.0 = Debug|Any CPU
		{B1935172-450B-4492-9AC1-C0BE3081F53E}.Ad-Hoc|ARM.Deploy.0 = Debug|Any CPU
		{B1935172-450B-4492-9AC1-C0BE3081F53E}.Ad-Hoc|iPhone.ActiveCfg = Debug|Any CPU
		{B1935172-450B-4492-9AC1-C0BE3081F53E}.Ad-Hoc|iPhone.Build.0 = Debug|Any CPU
		{B1935172-450B-4492-9AC1-C0BE3081F53E}.Ad-Hoc|iPhone.Deploy.0 = Debug|Any CPU
		{B1935172-450B-4492-9AC1-C0BE3081F53E}.Ad-Hoc|iPhoneSimulator.ActiveCfg = Debug|Any CPU
		{B1935172-450B-4492-9AC1-C0BE3081F53E}.Ad-Hoc|iPhoneSimulator.Build.0 = Debug|Any CPU
		{B1935172-450B-4492-9AC1-C0BE3081F53E}.Ad-Hoc|iPhoneSimulator.Deploy.0 = Debug|Any CPU
		{B1935172-450B-4492-9AC1-C0BE3081F53E}.Ad-Hoc|x64.ActiveCfg = Debug|Any CPU
		{B1935172-450B-4492-9AC1-C0BE3081F53E}.Ad-Hoc|x64.Build.0 = Debug|Any CPU
		{B1935172-450B-4492-9AC1-C0BE3081F53E}.Ad-Hoc|x64.Deploy.0 = Debug|Any CPU
		{B1935172-450B-4492-9AC1-C0BE3081F53E}.Ad-Hoc|x86.ActiveCfg = Debug|Any CPU
		{B1935172-450B-4492-9AC1-C0BE3081F53E}.Ad-Hoc|x86.Build.0 = Debug|Any CPU
		{B1935172-450B-4492-9AC1-C0BE3081F53E}.Ad-Hoc|x86.Deploy.0 = Debug|Any CPU
		{B1935172-450B-4492-9AC1-C0BE3081F53E}.AppStore|Any CPU.ActiveCfg = Debug|Any CPU
		{B1935172-450B-4492-9AC1-C0BE3081F53E}.AppStore|Any CPU.Build.0 = Debug|Any CPU
		{B1935172-450B-4492-9AC1-C0BE3081F53E}.AppStore|Any CPU.Deploy.0 = Debug|Any CPU
		{B1935172-450B-4492-9AC1-C0BE3081F53E}.AppStore|ARM.ActiveCfg = Debug|Any CPU
		{B1935172-450B-4492-9AC1-C0BE3081F53E}.AppStore|ARM.Build.0 = Debug|Any CPU
		{B1935172-450B-4492-9AC1-C0BE3081F53E}.AppStore|ARM.Deploy.0 = Debug|Any CPU
		{B1935172-450B-4492-9AC1-C0BE3081F53E}.AppStore|iPhone.ActiveCfg = Debug|Any CPU
		{B1935172-450B-4492-9AC1-C0BE3081F53E}.AppStore|iPhone.Build.0 = Debug|Any CPU
		{B1935172-450B-4492-9AC1-C0BE3081F53E}.AppStore|iPhone.Deploy.0 = Debug|Any CPU
		{B1935172-450B-4492-9AC1-C0BE3081F53E}.AppStore|iPhoneSimulator.ActiveCfg = Debug|Any CPU
		{B1935172-450B-4492-9AC1-C0BE3081F53E}.AppStore|iPhoneSimulator.Build.0 = Debug|Any CPU
		{B1935172-450B-4492-9AC1-C0BE3081F53E}.AppStore|iPhoneSimulator.Deploy.0 = Debug|Any CPU
		{B1935172-450B-4492-9AC1-C0BE3081F53E}.AppStore|x64.ActiveCfg = Debug|Any CPU
		{B1935172-450B-4492-9AC1-C0BE3081F53E}.AppStore|x64.Build.0 = Debug|Any CPU
		{B1935172-450B-4492-9AC1-C0BE3081F53E}.AppStore|x64.Deploy.0 = Debug|Any CPU
		{B1935172-450B-4492-9AC1-C0BE3081F53E}.AppStore|x86.ActiveCfg = Debug|Any CPU
		{B1935172-450B-4492-9AC1-C0BE3081F53E}.AppStore|x86.Build.0 = Debug|Any CPU
		{B1935172-450B-4492-9AC1-C0BE3081F53E}.AppStore|x86.Deploy.0 = Debug|Any CPU
		{B1935172-450B-4492-9AC1-C0BE3081F53E}.Debug|Any CPU.ActiveCfg = Debug|Any CPU
		{B1935172-450B-4492-9AC1-C0BE3081F53E}.Debug|Any CPU.Build.0 = Debug|Any CPU
		{B1935172-450B-4492-9AC1-C0BE3081F53E}.Debug|Any CPU.Deploy.0 = Debug|Any CPU
		{B1935172-450B-4492-9AC1-C0BE3081F53E}.Debug|ARM.ActiveCfg = Debug|Any CPU
		{B1935172-450B-4492-9AC1-C0BE3081F53E}.Debug|ARM.Build.0 = Debug|Any CPU
		{B1935172-450B-4492-9AC1-C0BE3081F53E}.Debug|ARM.Deploy.0 = Debug|Any CPU
		{B1935172-450B-4492-9AC1-C0BE3081F53E}.Debug|iPhone.ActiveCfg = Debug|Any CPU
		{B1935172-450B-4492-9AC1-C0BE3081F53E}.Debug|iPhone.Build.0 = Debug|Any CPU
		{B1935172-450B-4492-9AC1-C0BE3081F53E}.Debug|iPhone.Deploy.0 = Debug|Any CPU
		{B1935172-450B-4492-9AC1-C0BE3081F53E}.Debug|iPhoneSimulator.ActiveCfg = Debug|Any CPU
		{B1935172-450B-4492-9AC1-C0BE3081F53E}.Debug|iPhoneSimulator.Build.0 = Debug|Any CPU
		{B1935172-450B-4492-9AC1-C0BE3081F53E}.Debug|iPhoneSimulator.Deploy.0 = Debug|Any CPU
		{B1935172-450B-4492-9AC1-C0BE3081F53E}.Debug|x64.ActiveCfg = Debug|Any CPU
		{B1935172-450B-4492-9AC1-C0BE3081F53E}.Debug|x64.Build.0 = Debug|Any CPU
		{B1935172-450B-4492-9AC1-C0BE3081F53E}.Debug|x64.Deploy.0 = Debug|Any CPU
		{B1935172-450B-4492-9AC1-C0BE3081F53E}.Debug|x86.ActiveCfg = Debug|Any CPU
		{B1935172-450B-4492-9AC1-C0BE3081F53E}.Debug|x86.Build.0 = Debug|Any CPU
		{B1935172-450B-4492-9AC1-C0BE3081F53E}.Debug|x86.Deploy.0 = Debug|Any CPU
		{B1935172-450B-4492-9AC1-C0BE3081F53E}.Release|Any CPU.ActiveCfg = Release|Any CPU
		{B1935172-450B-4492-9AC1-C0BE3081F53E}.Release|Any CPU.Build.0 = Release|Any CPU
		{B1935172-450B-4492-9AC1-C0BE3081F53E}.Release|Any CPU.Deploy.0 = Release|Any CPU
		{B1935172-450B-4492-9AC1-C0BE3081F53E}.Release|ARM.ActiveCfg = Release|Any CPU
		{B1935172-450B-4492-9AC1-C0BE3081F53E}.Release|ARM.Build.0 = Release|Any CPU
		{B1935172-450B-4492-9AC1-C0BE3081F53E}.Release|ARM.Deploy.0 = Release|Any CPU
		{B1935172-450B-4492-9AC1-C0BE3081F53E}.Release|iPhone.ActiveCfg = Release|Any CPU
		{B1935172-450B-4492-9AC1-C0BE3081F53E}.Release|iPhone.Build.0 = Release|Any CPU
		{B1935172-450B-4492-9AC1-C0BE3081F53E}.Release|iPhone.Deploy.0 = Release|Any CPU
		{B1935172-450B-4492-9AC1-C0BE3081F53E}.Release|iPhoneSimulator.ActiveCfg = Release|Any CPU
		{B1935172-450B-4492-9AC1-C0BE3081F53E}.Release|iPhoneSimulator.Build.0 = Release|Any CPU
		{B1935172-450B-4492-9AC1-C0BE3081F53E}.Release|iPhoneSimulator.Deploy.0 = Release|Any CPU
		{B1935172-450B-4492-9AC1-C0BE3081F53E}.Release|x64.ActiveCfg = Release|Any CPU
		{B1935172-450B-4492-9AC1-C0BE3081F53E}.Release|x64.Build.0 = Release|Any CPU
		{B1935172-450B-4492-9AC1-C0BE3081F53E}.Release|x64.Deploy.0 = Release|Any CPU
		{B1935172-450B-4492-9AC1-C0BE3081F53E}.Release|x86.ActiveCfg = Release|Any CPU
		{B1935172-450B-4492-9AC1-C0BE3081F53E}.Release|x86.Build.0 = Release|Any CPU
		{B1935172-450B-4492-9AC1-C0BE3081F53E}.Release|x86.Deploy.0 = Release|Any CPU
		{8DDF8640-ED01-4FB6-A0C4-7DE7B228FF95}.Ad-Hoc|Any CPU.ActiveCfg = Release|Any CPU
		{8DDF8640-ED01-4FB6-A0C4-7DE7B228FF95}.Ad-Hoc|Any CPU.Build.0 = Release|Any CPU
		{8DDF8640-ED01-4FB6-A0C4-7DE7B228FF95}.Ad-Hoc|ARM.ActiveCfg = Release|Any CPU
		{8DDF8640-ED01-4FB6-A0C4-7DE7B228FF95}.Ad-Hoc|ARM.Build.0 = Release|Any CPU
		{8DDF8640-ED01-4FB6-A0C4-7DE7B228FF95}.Ad-Hoc|iPhone.ActiveCfg = Release|Any CPU
		{8DDF8640-ED01-4FB6-A0C4-7DE7B228FF95}.Ad-Hoc|iPhone.Build.0 = Release|Any CPU
		{8DDF8640-ED01-4FB6-A0C4-7DE7B228FF95}.Ad-Hoc|iPhoneSimulator.ActiveCfg = Release|Any CPU
		{8DDF8640-ED01-4FB6-A0C4-7DE7B228FF95}.Ad-Hoc|iPhoneSimulator.Build.0 = Release|Any CPU
		{8DDF8640-ED01-4FB6-A0C4-7DE7B228FF95}.Ad-Hoc|x64.ActiveCfg = Release|Any CPU
		{8DDF8640-ED01-4FB6-A0C4-7DE7B228FF95}.Ad-Hoc|x64.Build.0 = Release|Any CPU
		{8DDF8640-ED01-4FB6-A0C4-7DE7B228FF95}.Ad-Hoc|x86.ActiveCfg = Release|Any CPU
		{8DDF8640-ED01-4FB6-A0C4-7DE7B228FF95}.Ad-Hoc|x86.Build.0 = Release|Any CPU
		{8DDF8640-ED01-4FB6-A0C4-7DE7B228FF95}.AppStore|Any CPU.ActiveCfg = Release|Any CPU
		{8DDF8640-ED01-4FB6-A0C4-7DE7B228FF95}.AppStore|Any CPU.Build.0 = Release|Any CPU
		{8DDF8640-ED01-4FB6-A0C4-7DE7B228FF95}.AppStore|ARM.ActiveCfg = Release|Any CPU
		{8DDF8640-ED01-4FB6-A0C4-7DE7B228FF95}.AppStore|ARM.Build.0 = Release|Any CPU
		{8DDF8640-ED01-4FB6-A0C4-7DE7B228FF95}.AppStore|iPhone.ActiveCfg = Release|Any CPU
		{8DDF8640-ED01-4FB6-A0C4-7DE7B228FF95}.AppStore|iPhone.Build.0 = Release|Any CPU
		{8DDF8640-ED01-4FB6-A0C4-7DE7B228FF95}.AppStore|iPhoneSimulator.ActiveCfg = Release|Any CPU
		{8DDF8640-ED01-4FB6-A0C4-7DE7B228FF95}.AppStore|iPhoneSimulator.Build.0 = Release|Any CPU
		{8DDF8640-ED01-4FB6-A0C4-7DE7B228FF95}.AppStore|x64.ActiveCfg = Release|Any CPU
		{8DDF8640-ED01-4FB6-A0C4-7DE7B228FF95}.AppStore|x64.Build.0 = Release|Any CPU
		{8DDF8640-ED01-4FB6-A0C4-7DE7B228FF95}.AppStore|x86.ActiveCfg = Release|Any CPU
		{8DDF8640-ED01-4FB6-A0C4-7DE7B228FF95}.AppStore|x86.Build.0 = Release|Any CPU
		{8DDF8640-ED01-4FB6-A0C4-7DE7B228FF95}.Debug|Any CPU.ActiveCfg = Debug|Any CPU
		{8DDF8640-ED01-4FB6-A0C4-7DE7B228FF95}.Debug|Any CPU.Build.0 = Debug|Any CPU
		{8DDF8640-ED01-4FB6-A0C4-7DE7B228FF95}.Debug|ARM.ActiveCfg = Debug|Any CPU
		{8DDF8640-ED01-4FB6-A0C4-7DE7B228FF95}.Debug|ARM.Build.0 = Debug|Any CPU
		{8DDF8640-ED01-4FB6-A0C4-7DE7B228FF95}.Debug|iPhone.ActiveCfg = Debug|Any CPU
		{8DDF8640-ED01-4FB6-A0C4-7DE7B228FF95}.Debug|iPhone.Build.0 = Debug|Any CPU
		{8DDF8640-ED01-4FB6-A0C4-7DE7B228FF95}.Debug|iPhoneSimulator.ActiveCfg = Debug|Any CPU
		{8DDF8640-ED01-4FB6-A0C4-7DE7B228FF95}.Debug|iPhoneSimulator.Build.0 = Debug|Any CPU
		{8DDF8640-ED01-4FB6-A0C4-7DE7B228FF95}.Debug|x64.ActiveCfg = Debug|Any CPU
		{8DDF8640-ED01-4FB6-A0C4-7DE7B228FF95}.Debug|x64.Build.0 = Debug|Any CPU
		{8DDF8640-ED01-4FB6-A0C4-7DE7B228FF95}.Debug|x86.ActiveCfg = Debug|Any CPU
		{8DDF8640-ED01-4FB6-A0C4-7DE7B228FF95}.Debug|x86.Build.0 = Debug|Any CPU
		{8DDF8640-ED01-4FB6-A0C4-7DE7B228FF95}.Release|Any CPU.ActiveCfg = Release|Any CPU
		{8DDF8640-ED01-4FB6-A0C4-7DE7B228FF95}.Release|Any CPU.Build.0 = Release|Any CPU
		{8DDF8640-ED01-4FB6-A0C4-7DE7B228FF95}.Release|ARM.ActiveCfg = Release|Any CPU
		{8DDF8640-ED01-4FB6-A0C4-7DE7B228FF95}.Release|ARM.Build.0 = Release|Any CPU
		{8DDF8640-ED01-4FB6-A0C4-7DE7B228FF95}.Release|iPhone.ActiveCfg = Release|Any CPU
		{8DDF8640-ED01-4FB6-A0C4-7DE7B228FF95}.Release|iPhone.Build.0 = Release|Any CPU
		{8DDF8640-ED01-4FB6-A0C4-7DE7B228FF95}.Release|iPhoneSimulator.ActiveCfg = Release|Any CPU
		{8DDF8640-ED01-4FB6-A0C4-7DE7B228FF95}.Release|iPhoneSimulator.Build.0 = Release|Any CPU
		{8DDF8640-ED01-4FB6-A0C4-7DE7B228FF95}.Release|x64.ActiveCfg = Release|Any CPU
		{8DDF8640-ED01-4FB6-A0C4-7DE7B228FF95}.Release|x64.Build.0 = Release|Any CPU
		{8DDF8640-ED01-4FB6-A0C4-7DE7B228FF95}.Release|x86.ActiveCfg = Release|Any CPU
		{8DDF8640-ED01-4FB6-A0C4-7DE7B228FF95}.Release|x86.Build.0 = Release|Any CPU
		{4D1150E7-0CC4-400A-ADA4-108C56B1D22A}.Ad-Hoc|Any CPU.ActiveCfg = Release|Any CPU
		{4D1150E7-0CC4-400A-ADA4-108C56B1D22A}.Ad-Hoc|Any CPU.Build.0 = Release|Any CPU
		{4D1150E7-0CC4-400A-ADA4-108C56B1D22A}.Ad-Hoc|ARM.ActiveCfg = Release|Any CPU
		{4D1150E7-0CC4-400A-ADA4-108C56B1D22A}.Ad-Hoc|ARM.Build.0 = Release|Any CPU
		{4D1150E7-0CC4-400A-ADA4-108C56B1D22A}.Ad-Hoc|iPhone.ActiveCfg = Release|Any CPU
		{4D1150E7-0CC4-400A-ADA4-108C56B1D22A}.Ad-Hoc|iPhone.Build.0 = Release|Any CPU
		{4D1150E7-0CC4-400A-ADA4-108C56B1D22A}.Ad-Hoc|iPhoneSimulator.ActiveCfg = Release|Any CPU
		{4D1150E7-0CC4-400A-ADA4-108C56B1D22A}.Ad-Hoc|iPhoneSimulator.Build.0 = Release|Any CPU
		{4D1150E7-0CC4-400A-ADA4-108C56B1D22A}.Ad-Hoc|x64.ActiveCfg = Release|Any CPU
		{4D1150E7-0CC4-400A-ADA4-108C56B1D22A}.Ad-Hoc|x64.Build.0 = Release|Any CPU
		{4D1150E7-0CC4-400A-ADA4-108C56B1D22A}.Ad-Hoc|x86.ActiveCfg = Release|Any CPU
		{4D1150E7-0CC4-400A-ADA4-108C56B1D22A}.Ad-Hoc|x86.Build.0 = Release|Any CPU
		{4D1150E7-0CC4-400A-ADA4-108C56B1D22A}.AppStore|Any CPU.ActiveCfg = Release|Any CPU
		{4D1150E7-0CC4-400A-ADA4-108C56B1D22A}.AppStore|Any CPU.Build.0 = Release|Any CPU
		{4D1150E7-0CC4-400A-ADA4-108C56B1D22A}.AppStore|ARM.ActiveCfg = Release|Any CPU
		{4D1150E7-0CC4-400A-ADA4-108C56B1D22A}.AppStore|ARM.Build.0 = Release|Any CPU
		{4D1150E7-0CC4-400A-ADA4-108C56B1D22A}.AppStore|iPhone.ActiveCfg = Release|Any CPU
		{4D1150E7-0CC4-400A-ADA4-108C56B1D22A}.AppStore|iPhone.Build.0 = Release|Any CPU
		{4D1150E7-0CC4-400A-ADA4-108C56B1D22A}.AppStore|iPhoneSimulator.ActiveCfg = Release|Any CPU
		{4D1150E7-0CC4-400A-ADA4-108C56B1D22A}.AppStore|iPhoneSimulator.Build.0 = Release|Any CPU
		{4D1150E7-0CC4-400A-ADA4-108C56B1D22A}.AppStore|x64.ActiveCfg = Release|Any CPU
		{4D1150E7-0CC4-400A-ADA4-108C56B1D22A}.AppStore|x64.Build.0 = Release|Any CPU
		{4D1150E7-0CC4-400A-ADA4-108C56B1D22A}.AppStore|x86.ActiveCfg = Release|Any CPU
		{4D1150E7-0CC4-400A-ADA4-108C56B1D22A}.AppStore|x86.Build.0 = Release|Any CPU
		{4D1150E7-0CC4-400A-ADA4-108C56B1D22A}.Debug|Any CPU.ActiveCfg = Debug|Any CPU
		{4D1150E7-0CC4-400A-ADA4-108C56B1D22A}.Debug|Any CPU.Build.0 = Debug|Any CPU
		{4D1150E7-0CC4-400A-ADA4-108C56B1D22A}.Debug|ARM.ActiveCfg = Debug|Any CPU
		{4D1150E7-0CC4-400A-ADA4-108C56B1D22A}.Debug|ARM.Build.0 = Debug|Any CPU
		{4D1150E7-0CC4-400A-ADA4-108C56B1D22A}.Debug|iPhone.ActiveCfg = Debug|Any CPU
		{4D1150E7-0CC4-400A-ADA4-108C56B1D22A}.Debug|iPhone.Build.0 = Debug|Any CPU
		{4D1150E7-0CC4-400A-ADA4-108C56B1D22A}.Debug|iPhoneSimulator.ActiveCfg = Debug|Any CPU
		{4D1150E7-0CC4-400A-ADA4-108C56B1D22A}.Debug|iPhoneSimulator.Build.0 = Debug|Any CPU
		{4D1150E7-0CC4-400A-ADA4-108C56B1D22A}.Debug|x64.ActiveCfg = Debug|Any CPU
		{4D1150E7-0CC4-400A-ADA4-108C56B1D22A}.Debug|x64.Build.0 = Debug|Any CPU
		{4D1150E7-0CC4-400A-ADA4-108C56B1D22A}.Debug|x86.ActiveCfg = Debug|Any CPU
		{4D1150E7-0CC4-400A-ADA4-108C56B1D22A}.Debug|x86.Build.0 = Debug|Any CPU
		{4D1150E7-0CC4-400A-ADA4-108C56B1D22A}.Release|Any CPU.ActiveCfg = Release|Any CPU
		{4D1150E7-0CC4-400A-ADA4-108C56B1D22A}.Release|Any CPU.Build.0 = Release|Any CPU
		{4D1150E7-0CC4-400A-ADA4-108C56B1D22A}.Release|ARM.ActiveCfg = Release|Any CPU
		{4D1150E7-0CC4-400A-ADA4-108C56B1D22A}.Release|ARM.Build.0 = Release|Any CPU
		{4D1150E7-0CC4-400A-ADA4-108C56B1D22A}.Release|iPhone.ActiveCfg = Release|Any CPU
		{4D1150E7-0CC4-400A-ADA4-108C56B1D22A}.Release|iPhone.Build.0 = Release|Any CPU
		{4D1150E7-0CC4-400A-ADA4-108C56B1D22A}.Release|iPhoneSimulator.ActiveCfg = Release|Any CPU
		{4D1150E7-0CC4-400A-ADA4-108C56B1D22A}.Release|iPhoneSimulator.Build.0 = Release|Any CPU
		{4D1150E7-0CC4-400A-ADA4-108C56B1D22A}.Release|x64.ActiveCfg = Release|Any CPU
		{4D1150E7-0CC4-400A-ADA4-108C56B1D22A}.Release|x64.Build.0 = Release|Any CPU
		{4D1150E7-0CC4-400A-ADA4-108C56B1D22A}.Release|x86.ActiveCfg = Release|Any CPU
		{4D1150E7-0CC4-400A-ADA4-108C56B1D22A}.Release|x86.Build.0 = Release|Any CPU
		{0CA90D48-8E83-4C15-A77C-A9BFCFCCAB27}.Ad-Hoc|Any CPU.ActiveCfg = Release|Any CPU
		{0CA90D48-8E83-4C15-A77C-A9BFCFCCAB27}.Ad-Hoc|Any CPU.Build.0 = Release|Any CPU
		{0CA90D48-8E83-4C15-A77C-A9BFCFCCAB27}.Ad-Hoc|ARM.ActiveCfg = Release|Any CPU
		{0CA90D48-8E83-4C15-A77C-A9BFCFCCAB27}.Ad-Hoc|ARM.Build.0 = Release|Any CPU
		{0CA90D48-8E83-4C15-A77C-A9BFCFCCAB27}.Ad-Hoc|iPhone.ActiveCfg = Release|Any CPU
		{0CA90D48-8E83-4C15-A77C-A9BFCFCCAB27}.Ad-Hoc|iPhone.Build.0 = Release|Any CPU
		{0CA90D48-8E83-4C15-A77C-A9BFCFCCAB27}.Ad-Hoc|iPhoneSimulator.ActiveCfg = Release|Any CPU
		{0CA90D48-8E83-4C15-A77C-A9BFCFCCAB27}.Ad-Hoc|iPhoneSimulator.Build.0 = Release|Any CPU
		{0CA90D48-8E83-4C15-A77C-A9BFCFCCAB27}.Ad-Hoc|x64.ActiveCfg = Release|Any CPU
		{0CA90D48-8E83-4C15-A77C-A9BFCFCCAB27}.Ad-Hoc|x64.Build.0 = Release|Any CPU
		{0CA90D48-8E83-4C15-A77C-A9BFCFCCAB27}.Ad-Hoc|x86.ActiveCfg = Release|Any CPU
		{0CA90D48-8E83-4C15-A77C-A9BFCFCCAB27}.Ad-Hoc|x86.Build.0 = Release|Any CPU
		{0CA90D48-8E83-4C15-A77C-A9BFCFCCAB27}.AppStore|Any CPU.ActiveCfg = Release|Any CPU
		{0CA90D48-8E83-4C15-A77C-A9BFCFCCAB27}.AppStore|Any CPU.Build.0 = Release|Any CPU
		{0CA90D48-8E83-4C15-A77C-A9BFCFCCAB27}.AppStore|ARM.ActiveCfg = Release|Any CPU
		{0CA90D48-8E83-4C15-A77C-A9BFCFCCAB27}.AppStore|ARM.Build.0 = Release|Any CPU
		{0CA90D48-8E83-4C15-A77C-A9BFCFCCAB27}.AppStore|iPhone.ActiveCfg = Release|Any CPU
		{0CA90D48-8E83-4C15-A77C-A9BFCFCCAB27}.AppStore|iPhone.Build.0 = Release|Any CPU
		{0CA90D48-8E83-4C15-A77C-A9BFCFCCAB27}.AppStore|iPhoneSimulator.ActiveCfg = Release|Any CPU
		{0CA90D48-8E83-4C15-A77C-A9BFCFCCAB27}.AppStore|iPhoneSimulator.Build.0 = Release|Any CPU
		{0CA90D48-8E83-4C15-A77C-A9BFCFCCAB27}.AppStore|x64.ActiveCfg = Release|Any CPU
		{0CA90D48-8E83-4C15-A77C-A9BFCFCCAB27}.AppStore|x64.Build.0 = Release|Any CPU
		{0CA90D48-8E83-4C15-A77C-A9BFCFCCAB27}.AppStore|x86.ActiveCfg = Release|Any CPU
		{0CA90D48-8E83-4C15-A77C-A9BFCFCCAB27}.AppStore|x86.Build.0 = Release|Any CPU
		{0CA90D48-8E83-4C15-A77C-A9BFCFCCAB27}.Debug|Any CPU.ActiveCfg = Debug|Any CPU
		{0CA90D48-8E83-4C15-A77C-A9BFCFCCAB27}.Debug|Any CPU.Build.0 = Debug|Any CPU
		{0CA90D48-8E83-4C15-A77C-A9BFCFCCAB27}.Debug|ARM.ActiveCfg = Debug|Any CPU
		{0CA90D48-8E83-4C15-A77C-A9BFCFCCAB27}.Debug|ARM.Build.0 = Debug|Any CPU
		{0CA90D48-8E83-4C15-A77C-A9BFCFCCAB27}.Debug|iPhone.ActiveCfg = Debug|Any CPU
		{0CA90D48-8E83-4C15-A77C-A9BFCFCCAB27}.Debug|iPhone.Build.0 = Debug|Any CPU
		{0CA90D48-8E83-4C15-A77C-A9BFCFCCAB27}.Debug|iPhoneSimulator.ActiveCfg = Debug|Any CPU
		{0CA90D48-8E83-4C15-A77C-A9BFCFCCAB27}.Debug|iPhoneSimulator.Build.0 = Debug|Any CPU
		{0CA90D48-8E83-4C15-A77C-A9BFCFCCAB27}.Debug|x64.ActiveCfg = Debug|Any CPU
		{0CA90D48-8E83-4C15-A77C-A9BFCFCCAB27}.Debug|x64.Build.0 = Debug|Any CPU
		{0CA90D48-8E83-4C15-A77C-A9BFCFCCAB27}.Debug|x86.ActiveCfg = Debug|Any CPU
		{0CA90D48-8E83-4C15-A77C-A9BFCFCCAB27}.Debug|x86.Build.0 = Debug|Any CPU
		{0CA90D48-8E83-4C15-A77C-A9BFCFCCAB27}.Release|Any CPU.ActiveCfg = Release|Any CPU
		{0CA90D48-8E83-4C15-A77C-A9BFCFCCAB27}.Release|Any CPU.Build.0 = Release|Any CPU
		{0CA90D48-8E83-4C15-A77C-A9BFCFCCAB27}.Release|ARM.ActiveCfg = Release|Any CPU
		{0CA90D48-8E83-4C15-A77C-A9BFCFCCAB27}.Release|ARM.Build.0 = Release|Any CPU
		{0CA90D48-8E83-4C15-A77C-A9BFCFCCAB27}.Release|iPhone.ActiveCfg = Release|Any CPU
		{0CA90D48-8E83-4C15-A77C-A9BFCFCCAB27}.Release|iPhone.Build.0 = Release|Any CPU
		{0CA90D48-8E83-4C15-A77C-A9BFCFCCAB27}.Release|iPhoneSimulator.ActiveCfg = Release|Any CPU
		{0CA90D48-8E83-4C15-A77C-A9BFCFCCAB27}.Release|iPhoneSimulator.Build.0 = Release|Any CPU
		{0CA90D48-8E83-4C15-A77C-A9BFCFCCAB27}.Release|x64.ActiveCfg = Release|Any CPU
		{0CA90D48-8E83-4C15-A77C-A9BFCFCCAB27}.Release|x64.Build.0 = Release|Any CPU
		{0CA90D48-8E83-4C15-A77C-A9BFCFCCAB27}.Release|x86.ActiveCfg = Release|Any CPU
		{0CA90D48-8E83-4C15-A77C-A9BFCFCCAB27}.Release|x86.Build.0 = Release|Any CPU
		{42FF84DB-2B66-4BC7-BC8F-B294B90D7F04}.Ad-Hoc|Any CPU.ActiveCfg = Release|Any CPU
		{42FF84DB-2B66-4BC7-BC8F-B294B90D7F04}.Ad-Hoc|Any CPU.Build.0 = Release|Any CPU
		{42FF84DB-2B66-4BC7-BC8F-B294B90D7F04}.Ad-Hoc|ARM.ActiveCfg = Release|Any CPU
		{42FF84DB-2B66-4BC7-BC8F-B294B90D7F04}.Ad-Hoc|ARM.Build.0 = Release|Any CPU
		{42FF84DB-2B66-4BC7-BC8F-B294B90D7F04}.Ad-Hoc|iPhone.ActiveCfg = Release|Any CPU
		{42FF84DB-2B66-4BC7-BC8F-B294B90D7F04}.Ad-Hoc|iPhone.Build.0 = Release|Any CPU
		{42FF84DB-2B66-4BC7-BC8F-B294B90D7F04}.Ad-Hoc|iPhoneSimulator.ActiveCfg = Release|Any CPU
		{42FF84DB-2B66-4BC7-BC8F-B294B90D7F04}.Ad-Hoc|iPhoneSimulator.Build.0 = Release|Any CPU
		{42FF84DB-2B66-4BC7-BC8F-B294B90D7F04}.Ad-Hoc|x64.ActiveCfg = Release|Any CPU
		{42FF84DB-2B66-4BC7-BC8F-B294B90D7F04}.Ad-Hoc|x64.Build.0 = Release|Any CPU
		{42FF84DB-2B66-4BC7-BC8F-B294B90D7F04}.Ad-Hoc|x86.ActiveCfg = Release|Any CPU
		{42FF84DB-2B66-4BC7-BC8F-B294B90D7F04}.Ad-Hoc|x86.Build.0 = Release|Any CPU
		{42FF84DB-2B66-4BC7-BC8F-B294B90D7F04}.AppStore|Any CPU.ActiveCfg = Release|Any CPU
		{42FF84DB-2B66-4BC7-BC8F-B294B90D7F04}.AppStore|Any CPU.Build.0 = Release|Any CPU
		{42FF84DB-2B66-4BC7-BC8F-B294B90D7F04}.AppStore|ARM.ActiveCfg = Release|Any CPU
		{42FF84DB-2B66-4BC7-BC8F-B294B90D7F04}.AppStore|ARM.Build.0 = Release|Any CPU
		{42FF84DB-2B66-4BC7-BC8F-B294B90D7F04}.AppStore|iPhone.ActiveCfg = Release|Any CPU
		{42FF84DB-2B66-4BC7-BC8F-B294B90D7F04}.AppStore|iPhone.Build.0 = Release|Any CPU
		{42FF84DB-2B66-4BC7-BC8F-B294B90D7F04}.AppStore|iPhoneSimulator.ActiveCfg = Release|Any CPU
		{42FF84DB-2B66-4BC7-BC8F-B294B90D7F04}.AppStore|iPhoneSimulator.Build.0 = Release|Any CPU
		{42FF84DB-2B66-4BC7-BC8F-B294B90D7F04}.AppStore|x64.ActiveCfg = Release|Any CPU
		{42FF84DB-2B66-4BC7-BC8F-B294B90D7F04}.AppStore|x64.Build.0 = Release|Any CPU
		{42FF84DB-2B66-4BC7-BC8F-B294B90D7F04}.AppStore|x86.ActiveCfg = Release|Any CPU
		{42FF84DB-2B66-4BC7-BC8F-B294B90D7F04}.AppStore|x86.Build.0 = Release|Any CPU
		{42FF84DB-2B66-4BC7-BC8F-B294B90D7F04}.Debug|Any CPU.ActiveCfg = Debug|Any CPU
		{42FF84DB-2B66-4BC7-BC8F-B294B90D7F04}.Debug|Any CPU.Build.0 = Debug|Any CPU
		{42FF84DB-2B66-4BC7-BC8F-B294B90D7F04}.Debug|ARM.ActiveCfg = Debug|Any CPU
		{42FF84DB-2B66-4BC7-BC8F-B294B90D7F04}.Debug|ARM.Build.0 = Debug|Any CPU
		{42FF84DB-2B66-4BC7-BC8F-B294B90D7F04}.Debug|iPhone.ActiveCfg = Debug|Any CPU
		{42FF84DB-2B66-4BC7-BC8F-B294B90D7F04}.Debug|iPhone.Build.0 = Debug|Any CPU
		{42FF84DB-2B66-4BC7-BC8F-B294B90D7F04}.Debug|iPhoneSimulator.ActiveCfg = Debug|Any CPU
		{42FF84DB-2B66-4BC7-BC8F-B294B90D7F04}.Debug|iPhoneSimulator.Build.0 = Debug|Any CPU
		{42FF84DB-2B66-4BC7-BC8F-B294B90D7F04}.Debug|x64.ActiveCfg = Debug|Any CPU
		{42FF84DB-2B66-4BC7-BC8F-B294B90D7F04}.Debug|x64.Build.0 = Debug|Any CPU
		{42FF84DB-2B66-4BC7-BC8F-B294B90D7F04}.Debug|x86.ActiveCfg = Debug|Any CPU
		{42FF84DB-2B66-4BC7-BC8F-B294B90D7F04}.Debug|x86.Build.0 = Debug|Any CPU
		{42FF84DB-2B66-4BC7-BC8F-B294B90D7F04}.Release|Any CPU.ActiveCfg = Release|Any CPU
		{42FF84DB-2B66-4BC7-BC8F-B294B90D7F04}.Release|Any CPU.Build.0 = Release|Any CPU
		{42FF84DB-2B66-4BC7-BC8F-B294B90D7F04}.Release|ARM.ActiveCfg = Release|Any CPU
		{42FF84DB-2B66-4BC7-BC8F-B294B90D7F04}.Release|ARM.Build.0 = Release|Any CPU
		{42FF84DB-2B66-4BC7-BC8F-B294B90D7F04}.Release|iPhone.ActiveCfg = Release|Any CPU
		{42FF84DB-2B66-4BC7-BC8F-B294B90D7F04}.Release|iPhone.Build.0 = Release|Any CPU
		{42FF84DB-2B66-4BC7-BC8F-B294B90D7F04}.Release|iPhoneSimulator.ActiveCfg = Release|Any CPU
		{42FF84DB-2B66-4BC7-BC8F-B294B90D7F04}.Release|iPhoneSimulator.Build.0 = Release|Any CPU
		{42FF84DB-2B66-4BC7-BC8F-B294B90D7F04}.Release|x64.ActiveCfg = Release|Any CPU
		{42FF84DB-2B66-4BC7-BC8F-B294B90D7F04}.Release|x64.Build.0 = Release|Any CPU
		{42FF84DB-2B66-4BC7-BC8F-B294B90D7F04}.Release|x86.ActiveCfg = Release|Any CPU
		{42FF84DB-2B66-4BC7-BC8F-B294B90D7F04}.Release|x86.Build.0 = Release|Any CPU
	EndGlobalSection
	GlobalSection(SolutionProperties) = preSolution
		HideSolutionNode = FALSE
	EndGlobalSection
	GlobalSection(ExtensibilityGlobals) = postSolution
		SolutionGuid = {8301BDA6-472E-4E55-B6B4-DA066A371AE5}
	EndGlobalSection
EndGlobal
